
Microsoft Visual Studio Solution File, Format Version 12.00
# Visual Studio Version 17
VisualStudioVersion = 17.3.32929.385
MinimumVisualStudioVersion = 10.0.40219.1
Project("{9A19103F-16F7-4668-BE54-9A1E7A4F7556}") = "UnoTeamsApp", "UnoTeamsApp.csproj", "{8A568B92-6C7F-43FD-91CF-7B4317B24286}"
EndProject
Global
	GlobalSection(SolutionConfigurationPlatforms) = preSolution
		Debug|Any CPU = Debug|Any CPU
		Release|Any CPU = Release|Any CPU
	EndGlobalSection
	GlobalSection(ProjectConfigurationPlatforms) = postSolution
		{8A568B92-6C7F-43FD-91CF-7B4317B24286}.Debug|Any CPU.ActiveCfg = Debug|Any CPU
		{8A568B92-6C7F-43FD-91CF-7B4317B24286}.Debug|Any CPU.Build.0 = Debug|Any CPU
		{8A568B92-6C7F-43FD-91CF-7B4317B24286}.Debug|Any CPU.Deploy.0 = Debug|Any CPU
		{8A568B92-6C7F-43FD-91CF-7B4317B24286}.Release|Any CPU.ActiveCfg = Release|Any CPU
		{8A568B92-6C7F-43FD-91CF-7B4317B24286}.Release|Any CPU.Build.0 = Release|Any CPU
		{8A568B92-6C7F-43FD-91CF-7B4317B24286}.Release|Any CPU.Deploy.0 = Release|Any CPU
	EndGlobalSection
	GlobalSection(SolutionProperties) = preSolution
		HideSolutionNode = FALSE
	EndGlobalSection
	GlobalSection(ExtensibilityGlobals) = postSolution
		SolutionGuid = {A76E22A0-0361-47BD-B5A6-196F8C9BA709}
	EndGlobalSection
EndGlobal
